{
  "name": "osinara-sandbox-tools",
  "lockfileVersion": 3,
  "requires": true,
  "packages": {
    "": {
      "name": "osinara-sandbox-tools",
      "dependencies": {
        "agent-browser": "0.36.0"
      }
    },
    "node_modules/agent-browser": {
      "version": "0.36.0",
      "resolved": "https://registry.npmjs.org/agent-browser/-/agent-browser-0.36.0.tgz",
      "integrity": "sha512-Ljjj4nRKUEqtrFF0pgev8lxTfC79tNgPj67sNi6BLnUAWIG8y9Cu2VQIeZ0MY3N2fTQagoBlfQ/pUY/4NWPD3w==",
      "hasInstallScript": true,
      "license": "Apache-2.0",
      "bin": {
        "agent-browser": "bin/agent-browser.js"
      },
      "engines": {
        "node": ">=24.0.0",
        "pnpm": ">=11.0.0"
      }
    }
  }
}
